// !$*UTF8*$!
{
	archiveVersion = 1;
	classes = {
	};
	objectVersion = 50;
	objects = {

/* Begin PBXBuildFile section */
		4A47BE0224A04DCC0040B9F9 /* AppDelegate.swift in Sources */ = {isa = PBXBuildFile; fileRef = 4A47BE0124A04DCC0040B9F9 /* AppDelegate.swift */; };
		4A47BE0424A04DCC0040B9F9 /* SceneDelegate.swift in Sources */ = {isa = PBXBuildFile; fileRef = 4A47BE0324A04DCC0040B9F9 /* SceneDelegate.swift */; };
		4A47BE0624A04DCC0040B9F9 /* MealDetailController.swift in Sources */ = {isa = PBXBuildFile; fileRef = 4A47BE0524A04DCC0040B9F9 /* MealDetailController.swift */; };
		4A47BE0924A04DCC0040B9F9 /* Main.storyboard in Resources */ = {isa = PBXBuildFile; fileRef = 4A47BE0724A04DCC0040B9F9 /* Main.storyboard */; };
		4A47BE0B24A04E030040B9F9 /* Assets.xcassets in Resources */ = {isa = PBXBuildFile; fileRef = 4A47BE0A24A04E020040B9F9 /* Assets.xcassets */; };
		4A47BE0E24A04E030040B9F9 /* LaunchScreen.storyboard in Resources */ = {isa = PBXBuildFile; fileRef = 4A47BE0C24A04E030040B9F9 /* LaunchScreen.storyboard */; };
		4A47BE1924A04E030040B9F9 /* QLMonAnTests.swift in Sources */ = {isa = PBXBuildFile; fileRef = 4A47BE1824A04E030040B9F9 /* QLMonAnTests.swift */; };
		4A47BE2624A055730040B9F9 /* RatingControl.swift in Sources */ = {isa = PBXBuildFile; fileRef = 4A47BE2524A055730040B9F9 /* RatingControl.swift */; };
		4A8337FA24A99C44004248FF /* Meal.swift in Sources */ = {isa = PBXBuildFile; fileRef = 4A8337F924A99C44004248FF /* Meal.swift */; };
		4ACEE04324B2ADDE000E08A2 /* MealTableViewController.swift in Sources */ = {isa = PBXBuildFile; fileRef = 4ACEE04224B2ADDE000E08A2 /* MealTableViewController.swift */; };
		4ACEE04924B2BEEC000E08A2 /* MealTableViewCell.swift in Sources */ = {isa = PBXBuildFile; fileRef = 4ACEE04824B2BEEC000E08A2 /* MealTableViewCell.swift */; };
/* End PBXBuildFile section */

/* Begin PBXContainerItemProxy section */
		4A47BE1524A04E030040B9F9 /* PBXContainerItemProxy */ = {
			isa = PBXContainerItemProxy;
			containerPortal = 4A47BDF624A04DCB0040B9F9 /* Project object */;
			proxyType = 1;
			remoteGlobalIDString = 4A47BDFD24A04DCC0040B9F9;
			remoteInfo = QLMonAn;
		};
/* End PBXContainerItemProxy section */

/* Begin PBXFileReference section */
		4A47BDFE24A04DCC0040B9F9 /* QLMonAn.app */ = {isa = PBXFileReference; explicitFileType = wrapper.application; includeInIndex = 0; path = QLMonAn.app; sourceTree = BUILT_PRODUCTS_DIR; };
		4A47BE0124A04DCC0040B9F9 /* AppDelegate.swift */ = {isa = PBXFileReference; lastKnownFileType = sourcecode.swift; path = AppDelegate.swift; sourceTree = "<group>"; };
		4A47BE0324A04DCC0040B9F9 /* SceneDelegate.swift */ = {isa = PBXFileReference; lastKnownFileType = sourcecode.swift; path = SceneDelegate.swift; sourceTree = "<group>"; };
		4A47BE0524A04DCC0040B9F9 /* MealDetailController.swift */ = {isa = PBXFileReference; lastKnownFileType = sourcecode.swift; path = MealDetailController.swift; sourceTree = "<group>"; };
		4A47BE0824A04DCC0040B9F9 /* Base */ = {isa = PBXFileReference; lastKnownFileType = file.storyboard; name = Base; path = Base.lproj/Main.storyboard; sourceTree = "<group>"; };
		4A47BE0A24A04E020040B9F9 /* Assets.xcassets */ = {isa = PBXFileReference; lastKnownFileType = folder.assetcatalog; path = Assets.xcassets; sourceTree = "<group>"; };
		4A47BE0D24A04E030040B9F9 /* Base */ = {isa = PBXFileReference; lastKnownFileType = file.storyboard; name = Base; path = Base.lproj/LaunchScreen.storyboard; sourceTree = "<group>"; };
		4A47BE0F24A04E030040B9F9 /* Info.plist */ = {isa = PBXFileReference; lastKnownFileType = text.plist.xml; path = Info.plist; sourceTree = "<group>"; };
		4A47BE1424A04E030040B9F9 /* QLMonAnTests.xctest */ = {isa = PBXFileReference; explicitFileType = wrapper.cfbundle; includeInIndex = 0; path = QLMonAnTests.xctest; sourceTree = BUILT_PRODUCTS_DIR; };
		4A47BE1824A04E030040B9F9 /* QLMonAnTests.swift */ = {isa = PBXFileReference; lastKnownFileType = sourcecode.swift; path = QLMonAnTests.swift; sourceTree = "<group>"; };
		4A47BE1A24A04E030040B9F9 /* Info.plist */ = {isa = PBXFileReference; lastKnownFileType = text.plist.xml; path = Info.plist; sourceTree = "<group>"; };
		4A47BE2524A055730040B9F9 /* RatingControl.swift */ = {isa = PBXFileReference; lastKnownFileType = sourcecode.swift; path = RatingControl.swift; sourceTree = "<group>"; };
		4A8337F924A99C44004248FF /* Meal.swift */ = {isa = PBXFileReference; lastKnownFileType = sourcecode.swift; path = Meal.swift; sourceTree = "<group>"; };
		4ACEE04224B2ADDE000E08A2 /* MealTableViewController.swift */ = {isa = PBXFileReference; lastKnownFileType = sourcecode.swift; path = MealTableViewController.swift; sourceTree = "<group>"; };
		4ACEE04824B2BEEC000E08A2 /* MealTableViewCell.swift */ = {isa = PBXFileReference; lastKnownFileType = sourcecode.swift; path = MealTableViewCell.swift; sourceTree = "<group>"; };
/* End PBXFileReference section */

/* Begin PBXFrameworksBuildPhase section */
		4A47BDFB24A04DCC0040B9F9 /* Frameworks */ = {
			isa = PBXFrameworksBuildPhase;
			buildActionMask = 2147483647;
			files = (
			);
			runOnlyForDeploymentPostprocessing = 0;
		};
		4A47BE1124A04E030040B9F9 /* Frameworks */ = {
			isa = PBXFrameworksBuildPhase;
			buildActionMask = 2147483647;
			files = (
			);
			runOnlyForDeploymentPostprocessing = 0;
		};
/* End PBXFrameworksBuildPhase section */

/* Begin PBXGroup section */
		4A47BDF524A04DCB0040B9F9 = {
			isa = PBXGroup;
			children = (
				4A47BE0024A04DCC0040B9F9 /* QLMonAn */,
				4A47BE1724A04E030040B9F9 /* QLMonAnTests */,
				4A47BDFF24A04DCC0040B9F9 /* Products */,
			);
			sourceTree = "<group>";
		};
		4A47BDFF24A04DCC0040B9F9 /* Products */ = {
			isa = PBXGroup;
			children = (
				4A47BDFE24A04DCC0040B9F9 /* QLMonAn.app */,
				4A47BE1424A04E030040B9F9 /* QLMonAnTests.xctest */,
			);
			name = Products;
			sourceTree = "<group>";
		};
		4A47BE0024A04DCC0040B9F9 /* QLMonAn */ = {
			isa = PBXGroup;
			children = (
				4ACEE04824B2BEEC000E08A2 /* MealTableViewCell.swift */,
				4ACEE04224B2ADDE000E08A2 /* MealTableViewController.swift */,
				4A8337F924A99C44004248FF /* Meal.swift */,
				4A47BE2524A055730040B9F9 /* RatingControl.swift */,
				4A47BE0124A04DCC0040B9F9 /* AppDelegate.swift */,
				4A47BE0324A04DCC0040B9F9 /* SceneDelegate.swift */,
				4A47BE0524A04DCC0040B9F9 /* MealDetailController.swift */,
				4A47BE0724A04DCC0040B9F9 /* Main.storyboard */,
				4A47BE0A24A04E020040B9F9 /* Assets.xcassets */,
				4A47BE0C24A04E030040B9F9 /* LaunchScreen.storyboard */,
				4A47BE0F24A04E030040B9F9 /* Info.plist */,
			);
			path = QLMonAn;
			sourceTree = "<group>";
		};
		4A47BE1724A04E030040B9F9 /* QLMonAnTests */ = {
			isa = PBXGroup;
			children = (
				4A47BE1824A04E030040B9F9 /* QLMonAnTests.swift */,
				4A47BE1A24A04E030040B9F9 /* Info.plist */,
			);
			path = QLMonAnTests;
			sourceTree = "<group>";
		};
/* End PBXGroup section */

/* Begin PBXNativeTarget section */
		4A47BDFD24A04DCC0040B9F9 /* QLMonAn */ = {
			isa = PBXNativeTarget;
			buildConfigurationList = 4A47BE1D24A04E030040B9F9 /* Build configuration list for PBXNativeTarget "QLMonAn" */;
			buildPhases = (
				4A47BDFA24A04DCC0040B9F9 /* Sources */,
				4A47BDFB24A04DCC0040B9F9 /* Frameworks */,
				4A47BDFC24A04DCC0040B9F9 /* Resources */,
			);
			buildRules = (
			);
			dependencies = (
			);
			name = QLMonAn;
			productName = QLMonAn;
			productReference = 4A47BDFE24A04DCC0040B9F9 /* QLMonAn.app */;
			productType = "com.apple.product-type.application";
		};
		4A47BE1324A04E030040B9F9 /* QLMonAnTests */ = {
			isa = PBXNativeTarget;
			buildConfigurationList = 4A47BE2024A04E030040B9F9 /* Build configuration list for PBXNativeTarget "QLMonAnTests" */;
			buildPhases = (
				4A47BE1024A04E030040B9F9 /* Sources */,
				4A47BE1124A04E030040B9F9 /* Frameworks */,
				4A47BE1224A04E030040B9F9 /* Resources */,
			);
			buildRules = (
			);
			dependencies = (
				4A47BE1624A04E030040B9F9 /* PBXTargetDependency */,
			);
			name = QLMonAnTests;
			productName = QLMonAnTests;
			productReference = 4A47BE1424A04E030040B9F9 /* QLMonAnTests.xctest */;
			productType = "com.apple.product-type.bundle.unit-test";
		};
/* End PBXNativeTarget section */

/* Begin PBXProject section */
		4A47BDF624A04DCB0040B9F9 /* Project object */ = {
			isa = PBXProject;
			attributes = {
				LastSwiftUpdateCheck = 1140;
				LastUpgradeCheck = 1140;
				ORGANIZATIONNAME = "Phan Tien Nhan";
				TargetAttributes = {
					4A47BDFD24A04DCC0040B9F9 = {
						CreatedOnToolsVersion = 11.4.1;
					};
					4A47BE1324A04E030040B9F9 = {
						CreatedOnToolsVersion = 11.4.1;
						TestTargetID = 4A47BDFD24A04DCC0040B9F9;
					};
				};
			};
			buildConfigurationList = 4A47BDF924A04DCC0040B9F9 /* Build configuration list for PBXProject "QLMonAn" */;
			compatibilityVersion = "Xcode 9.3";
			developmentRegion = en;
			hasScannedForEncodings = 0;
			knownRegions = (
				en,
				Base,
			);
			mainGroup = 4A47BDF524A04DCB0040B9F9;
			productRefGroup = 4A47BDFF24A04DCC0040B9F9 /* Products */;
			projectDirPath = "";
			projectRoot = "";
			targets = (
				4A47BDFD24A04DCC0040B9F9 /* QLMonAn */,
				4A47BE1324A04E030040B9F9 /* QLMonAnTests */,
			);
		};
/* End PBXProject section */

/* Begin PBXResourcesBuildPhase section */
		4A47BDFC24A04DCC0040B9F9 /* Resources */ = {
			isa = PBXResourcesBuildPhase;
			buildActionMask = 2147483647;
			files = (
				4A47BE0E24A04E030040B9F9 /* LaunchScreen.storyboard in Resources */,
				4A47BE0B24A04E030040B9F9 /* Assets.xcassets in Resources */,
				4A47BE0924A04DCC0040B9F9 /* Main.storyboard in Resources */,
			);
			runOnlyForDeploymentPostprocessing = 0;
		};
		4A47BE1224A04E030040B9F9 /* Resources */ = {
			isa = PBXResourcesBuildPhase;
			buildActionMask = 2147483647;
			files = (
			);
			runOnlyForDeploymentPostprocessing = 0;
		};
/* End PBXResourcesBuildPhase section */

/* Begin PBXSourcesBuildPhase section */
		4A47BDFA24A04DCC0040B9F9 /* Sources */ = {
			isa = PBXSourcesBuildPhase;
			buildActionMask = 2147483647;
			files = (
				4A8337FA24A99C44004248FF /* Meal.swift in Sources */,
				4A47BE2624A055730040B9F9 /* RatingControl.swift in Sources */,
				4ACEE04924B2BEEC000E08A2 /* MealTableViewCell.swift in Sources */,
				4A47BE0624A04DCC0040B9F9 /* MealDetailController.swift in Sources */,
				4A47BE0224A04DCC0040B9F9 /* AppDelegate.swift in Sources */,
				4ACEE04324B2ADDE000E08A2 /* MealTableViewController.swift in Sources */,
				4A47BE0424A04DCC0040B9F9 /* SceneDelegate.swift in Sources */,
			);
			runOnlyForDeploymentPostprocessing = 0;
		};
		4A47BE1024A04E030040B9F9 /* Sources */ = {
			isa = PBXSourcesBuildPhase;
			buildActionMask = 2147483647;
			files = (
				4A47BE1924A04E030040B9F9 /* QLMonAnTests.swift in Sources */,
			);
			runOnlyForDeploymentPostprocessing = 0;
		};
/* End PBXSourcesBuildPhase section */

/* Begin PBXTargetDependency section */
		4A47BE1624A04E030040B9F9 /* PBXTargetDependency */ = {
			isa = PBXTargetDependency;
			target = 4A47BDFD24A04DCC0040B9F9 /* QLMonAn */;
			targetProxy = 4A47BE1524A04E030040B9F9 /* PBXContainerItemProxy */;
		};
/* End PBXTargetDependency section */

/* Begin PBXVariantGroup section */
		4A47BE0724A04DCC0040B9F9 /* Main.storyboard */ = {
			isa = PBXVariantGroup;
			children = (
				4A47BE0824A04DCC0040B9F9 /* Base */,
			);
			name = Main.storyboard;
			sourceTree = "<group>";
		};
		4A47BE0C24A04E030040B9F9 /* LaunchScreen.storyboard */ = {
			isa = PBXVariantGroup;
			children = (
				4A47BE0D24A04E030040B9F9 /* Base */,
			);
			name = LaunchScreen.storyboard;
			sourceTree = "<group>";
		};
/* End PBXVariantGroup section */

/* Begin XCBuildConfiguration section */
		4A47BE1B24A04E030040B9F9 /* Debug */ = {
			isa = XCBuildConfiguration;
			buildSettings = {
				ALWAYS_SEARCH_USER_PATHS = NO;
				CLANG_ANALYZER_NONNULL = YES;
				CLANG_ANALYZER_NUMBER_OBJECT_CONVERSION = YES_AGGRESSIVE;
				CLANG_CXX_LANGUAGE_STANDARD = "gnu++14";
				CLANG_CXX_LIBRARY = "libc++";
				CLANG_ENABLE_MODULES = YES;
				CLANG_ENABLE_OBJC_ARC = YES;
				CLANG_ENABLE_OBJC_WEAK = YES;
				CLANG_WARN_BLOCK_CAPTURE_AUTORELEASING = YES;
				CLANG_WARN_BOOL_CONVERSION = YES;
				CLANG_WARN_COMMA = YES;
				CLANG_WARN_CONSTANT_CONVERSION = YES;
				CLANG_WARN_DEPRECATED_OBJC_IMPLEMENTATIONS = YES;
				CLANG_WARN_DIRECT_OBJC_ISA_USAGE = YES_ERROR;
				CLANG_WARN_DOCUMENTATION_COMMENTS = YES;
				CLANG_WARN_EMPTY_BODY = YES;
				CLANG_WARN_ENUM_CONVERSION = YES;
				CLANG_WARN_INFINITE_RECURSION = YES;
				CLANG_WARN_INT_CONVERSION = YES;
				CLANG_WARN_NON_LITERAL_NULL_CONVERSION = YES;
				CLANG_WARN_OBJC_IMPLICIT_RETAIN_SELF = YES;
				CLANG_WARN_OBJC_LITERAL_CONVERSION = YES;
				CLANG_WARN_OBJC_ROOT_CLASS = YES_ERROR;
				CLANG_WARN_RANGE_LOOP_ANALYSIS = YES;
				CLANG_WARN_STRICT_PROTOTYPES = YES;
				CLANG_WARN_SUSPICIOUS_MOVE = YES;
				CLANG_WARN_UNGUARDED_AVAILABILITY = YES_AGGRESSIVE;
				CLANG_WARN_UNREACHABLE_CODE = YES;
				CLANG_WARN__DUPLICATE_METHOD_MATCH = YES;
				COPY_PHASE_STRIP = NO;
				DEBUG_INFORMATION_FORMAT = dwarf;
				ENABLE_STRICT_OBJC_MSGSEND = YES;
				ENABLE_TESTABILITY = YES;
				GCC_C_LANGUAGE_STANDARD = gnu11;
				GCC_DYNAMIC_NO_PIC = NO;
				GCC_NO_COMMON_BLOCKS = YES;
				GCC_OPTIMIZATION_LEVEL = 0;
				GCC_PREPROCESSOR_DEFINITIONS = (
					"DEBUG=1",
					"$(inherited)",
				);
				GCC_WARN_64_TO_32_BIT_CONVERSION = YES;
				GCC_WARN_ABOUT_RETURN_TYPE = YES_ERROR;
				GCC_WARN_UNDECLARED_SELECTOR = YES;
				GCC_WARN_UNINITIALIZED_AUTOS = YES_AGGRESSIVE;
				GCC_WARN_UNUSED_FUNCTION = YES;
				GCC_WARN_UNUSED_VARIABLE = YES;
				IPHONEOS_DEPLOYMENT_TARGET = 13.4;
				MTL_ENABLE_DEBUG_INFO = INCLUDE_SOURCE;
				MTL_FAST_MATH = YES;
				ONLY_ACTIVE_ARCH = YES;
				SDKROOT = iphoneos;
				SWIFT_ACTIVE_COMPILATION_CONDITIONS = DEBUG;
				SWIFT_OPTIMIZATION_LEVEL = "-Onone";
			};
			name = Debug;
		};
		4A47BE1C24A04E030040B9F9 /* Release */ = {
			isa = XCBuildConfiguration;
			buildSettings = {
				ALWAYS_SEARCH_USER_PATHS = NO;
				CLANG_ANALYZER_NONNULL = YES;
				CLANG_ANALYZER_NUMBER_OBJECT_CONVERSION = YES_AGGRESSIVE;
				CLANG_CXX_LANGUAGE_STANDARD = "gnu++14";
				CLANG_CXX_LIBRARY = "libc++";
				CLANG_ENABLE_MODULES = YES;
				CLANG_ENABLE_OBJC_ARC = YES;
				CLANG_ENABLE_OBJC_WEAK = YES;
				CLANG_WARN_BLOCK_CAPTURE_AUTORELEASING = YES;
				CLANG_WARN_BOOL_CONVERSION = YES;
				CLANG_WARN_COMMA = YES;
				CLANG_WARN_CONSTANT_CONVERSION = YES;
				CLANG_WARN_DEPRECATED_OBJC_IMPLEMENTATIONS = YES;
				CLANG_WARN_DIRECT_OBJC_ISA_USAGE = YES_ERROR;
				CLANG_WARN_DOCUMENTATION_COMMENTS = YES;
				CLANG_WARN_EMPTY_BODY = YES;
				CLANG_WARN_ENUM_CONVERSION = YES;
				CLANG_WARN_INFINITE_RECURSION = YES;
				CLANG_WARN_INT_CONVERSION = YES;
				CLANG_WARN_NON_LITERAL_NULL_CONVERSION = YES;
				CLANG_WARN_OBJC_IMPLICIT_RETAIN_SELF = YES;
				CLANG_WARN_OBJC_LITERAL_CONVERSION = YES;
				CLANG_WARN_OBJC_ROOT_CLASS = YES_ERROR;
				CLANG_WARN_RANGE_LOOP_ANALYSIS = YES;
				CLANG_WARN_STRICT_PROTOTYPES = YES;
				CLANG_WARN_SUSPICIOUS_MOVE = YES;
				CLANG_WARN_UNGUARDED_AVAILABILITY = YES_AGGRESSIVE;
				CLANG_WARN_UNREACHABLE_CODE = YES;
				CLANG_WARN__DUPLICATE_METHOD_MATCH = YES;
				COPY_PHASE_STRIP = NO;
				DEBUG_INFORMATION_FORMAT = "dwarf-with-dsym";
				ENABLE_NS_ASSERTIONS = NO;
				ENABLE_STRICT_OBJC_MSGSEND = YES;
				GCC_C_LANGUAGE_STANDARD = gnu11;
				GCC_NO_COMMON_BLOCKS = YES;
				GCC_WARN_64_TO_32_BIT_CONVERSION = YES;
				GCC_WARN_ABOUT_RETURN_TYPE = YES_ERROR;
				GCC_WARN_UNDECLARED_SELECTOR = YES;
				GCC_WARN_UNINITIALIZED_AUTOS = YES_AGGRESSIVE;
				GCC_WARN_UNUSED_FUNCTION = YES;
				GCC_WARN_UNUSED_VARIABLE = YES;
				IPHONEOS_DEPLOYMENT_TARGET = 13.4;
				MTL_ENABLE_DEBUG_INFO = NO;
				MTL_FAST_MATH = YES;
				SDKROOT = iphoneos;
				SWIFT_COMPILATION_MODE = wholemodule;
				SWIFT_OPTIMIZATION_LEVEL = "-O";
				VALIDATE_PRODUCT = YES;
			};
			name = Release;
		};
		4A47BE1E24A04E030040B9F9 /* Debug */ = {
			isa = XCBuildConfiguration;
			buildSettings = {
				ASSETCATALOG_COMPILER_APPICON_NAME = AppIcon;
				CODE_SIGN_STYLE = Automatic;
				INFOPLIST_FILE = QLMonAn/Info.plist;
				LD_RUNPATH_SEARCH_PATHS = (
					"$(inherited)",
					"@executable_path/Frameworks",
				);
				PRODUCT_BUNDLE_IDENTIFIER = tdc.edu.vn.QLMonAn;
				PRODUCT_NAME = "$(TARGET_NAME)";
				SWIFT_VERSION = 5.0;
				TARGETED_DEVICE_FAMILY = "1,2";
			};
			name = Debug;
		};
		4A47BE1F24A04E030040B9F9 /* Release */ = {
			isa = XCBuildConfiguration;
			buildSettings = {
				ASSETCATALOG_COMPILER_APPICON_NAME = AppIcon;
				CODE_SIGN_STYLE = Automatic;
				INFOPLIST_FILE = QLMonAn/Info.plist;
				LD_RUNPATH_SEARCH_PATHS = (
					"$(inherited)",
					"@executable_path/Frameworks",
				);
				PRODUCT_BUNDLE_IDENTIFIER = tdc.edu.vn.QLMonAn;
				PRODUCT_NAME = "$(TARGET_NAME)";
				SWIFT_VERSION = 5.0;
				TARGETED_DEVICE_FAMILY = "1,2";
			};
			name = Release;
		};
		4A47BE2124A04E030040B9F9 /* Debug */ = {
			isa = XCBuildConfiguration;
			buildSettings = {
				ALWAYS_EMBED_SWIFT_STANDARD_LIBRARIES = YES;
				BUNDLE_LOADER = "$(TEST_HOST)";
				CODE_SIGN_STYLE = Automatic;
				INFOPLIST_FILE = QLMonAnTests/Info.plist;
				IPHONEOS_DEPLOYMENT_TARGET = 13.4;
				LD_RUNPATH_SEARCH_PATHS = (
					"$(inherited)",
					"@executable_path/Frameworks",
					"@loader_path/Frameworks",
				);
				PRODUCT_BUNDLE_IDENTIFIER = tdc.edu.vn.QLMonAnTests;
				PRODUCT_NAME = "$(TARGET_NAME)";
				SWIFT_VERSION = 5.0;
				TARGETED_DEVICE_FAMILY = "1,2";
				TEST_HOST = "$(BUILT_PRODUCTS_DIR)/QLMonAn.app/QLMonAn";
			};
			name = Debug;
		};
		4A47BE2224A04E030040B9F9 /* Release */ = {
			isa = XCBuildConfiguration;
			buildSettings = {
				ALWAYS_EMBED_SWIFT_STANDARD_LIBRARIES = YES;
				BUNDLE_LOADER = "$(TEST_HOST)";
				CODE_SIGN_STYLE = Automatic;
				INFOPLIST_FILE = QLMonAnTests/Info.plist;
				IPHONEOS_DEPLOYMENT_TARGET = 13.4;
				LD_RUNPATH_SEARCH_PATHS = (
					"$(inherited)",
					"@executable_path/Frameworks",
					"@loader_path/Frameworks",
				);
				PRODUCT_BUNDLE_IDENTIFIER = tdc.edu.vn.QLMonAnTests;
				PRODUCT_NAME = "$(TARGET_NAME)";
				SWIFT_VERSION = 5.0;
				TARGETED_DEVICE_FAMILY = "1,2";
				TEST_HOST = "$(BUILT_PRODUCTS_DIR)/QLMonAn.app/QLMonAn";
			};
			name = Release;
		};
/* End XCBuildConfiguration section */

/* Begin XCConfigurationList section */
		4A47BDF924A04DCC0040B9F9 /* Build configuration list for PBXProject "QLMonAn" */ = {
			isa = XCConfigurationList;
			buildConfigurations = (
				4A47BE1B24A04E030040B9F9 /* Debug */,
				4A47BE1C24A04E030040B9F9 /* Release */,
			);
			defaultConfigurationIsVisible = 0;
			defaultConfigurationName = Release;
		};
		4A47BE1D24A04E030040B9F9 /* Build configuration list for PBXNativeTarget "QLMonAn" */ = {
			isa = XCConfigurationList;
			buildConfigurations = (
				4A47BE1E24A04E030040B9F9 /* Debug */,
				4A47BE1F24A04E030040B9F9 /* Release */,
			);
			defaultConfigurationIsVisible = 0;
			defaultConfigurationName = Release;
		};
		4A47BE2024A04E030040B9F9 /* Build configuration list for PBXNativeTarget "QLMonAnTests" */ = {
			isa = XCConfigurationList;
			buildConfigurations = (
				4A47BE2124A04E030040B9F9 /* Debug */,
				4A47BE2224A04E030040B9F9 /* Release */,
			);
			defaultConfigurationIsVisible = 0;
			defaultConfigurationName = Release;
		};
/* End XCConfigurationList section */
	};
	rootObject = 4A47BDF624A04DCB0040B9F9 /* Project object */;
}
